<?xml version="1.0" encoding="utf-8"?>
<Project ToolsVersion="4.0" xmlns="http://schemas.microsoft.com/developer/msbuild/2003">
  <ItemGroup>
    <Filter Include="Source Files">
      <UniqueIdentifier>{4FC737F1-C7A5-4376-A066-2A32D752A2FF}</UniqueIdentifier>
      <Extensions>cpp;c;cc;cxx;def;odl;idl;hpj;bat;asm;asmx</Extensions>
    </Filter>
    <Filter Include="Header Files">
      <UniqueIdentifier>{93995380-89BD-4b04-88EB-625FBE52EBFB}</UniqueIdentifier>
      <Extensions>h;hpp;hxx;hm;inl;inc;xsd</Extensions>
    </Filter>
    <Filter Include="Resource Files">
      <UniqueIdentifier>{67DA6AB6-F800-4c08-8B7A-83BB121AAD01}</UniqueIdentifier>
      <Extensions>rc;ico;cur;bmp;dlg;rc2;rct;bin;rgs;gif;jpg;jpeg;jpe;resx;tiff;tif;png;wav</Extensions>
    </Filter>
  </ItemGroup>
  <ItemGroup>
    <ClCompile Include="DBase.cpp">
      <Filter>Source Files</Filter>
    </ClCompile>
    <ClCompile Include="G_Object.cpp">
      <Filter>Source Files</Filter>
    </ClCompile>
    <ClCompile Include="InputPane.cpp">
      <Filter>Source Files</Filter>
    </ClCompile>
    <ClCompile Include="M3da.cpp">
      <Filter>Source Files</Filter>
    </ClCompile>
    <ClCompile Include="M3daDoc.cpp">
      <Filter>Source Files</Filter>
    </ClCompile>
    <ClCompile Include="M3daView.cpp">
      <Filter>Source Files</Filter>
    </ClCompile>
    <ClCompile Include="MainFrm.cpp">
      <Filter>Source Files</Filter>
    </ClCompile>
    <ClCompile Include="MyEdit.cpp">
      <Filter>Source Files</Filter>
    </ClCompile>
    <ClCompile Include="stdafx.cpp">
      <Filter>Source Files</Filter>
    </ClCompile>
    <ClCompile Include="3dSupport.cpp">
      <Filter>Resource Files</Filter>
    </ClCompile>
    <ClCompile Include="Mnu.cpp">
      <Filter>Resource Files</Filter>
    </ClCompile>
    <ClCompile Include="MyEditBasicFnc.cpp">
      <Filter>Source Files</Filter>
    </ClCompile>
    <ClCompile Include="EditBasic.cpp">
      <Filter>Source Files</Filter>
    </ClCompile>
    <ClCompile Include="EEdit.cpp">
      <Filter>Source Files</Filter>
    </ClCompile>
    <ClCompile Include="Parser.cpp">
      <Filter>Source Files</Filter>
    </ClCompile>
  </ItemGroup>
  <ItemGroup>
    <ClInclude Include="G_object.h">
      <Filter>Source Files</Filter>
    </ClInclude>
    <ClInclude Include="DBase.h">
      <Filter>Header Files</Filter>
    </ClInclude>
    <ClInclude Include="FONT_DEF.h">
      <Filter>Header Files</Filter>
    </ClInclude>
    <ClInclude Include="InputPane.h">
      <Filter>Header Files</Filter>
    </ClInclude>
    <ClInclude Include="M3da.h">
      <Filter>Header Files</Filter>
    </ClInclude>
    <ClInclude Include="M3daDoc.h">
      <Filter>Header Files</Filter>
    </ClInclude>
    <ClInclude Include="M3daView.h">
      <Filter>Header Files</Filter>
    </ClInclude>
    <ClInclude Include="MainFrm.h">
      <Filter>Header Files</Filter>
    </ClInclude>
    <ClInclude Include="MyEdit.h">
      <Filter>Header Files</Filter>
    </ClInclude>
    <ClInclude Include="Resource.h">
      <Filter>Header Files</Filter>
    </ClInclude>
    <ClInclude Include="stdafx.h">
      <Filter>Header Files</Filter>
    </ClInclude>
    <ClInclude Include="targetver.h">
      <Filter>Header Files</Filter>
    </ClInclude>
    <ClInclude Include="3dsupport.h">
      <Filter>Resource Files</Filter>
    </ClInclude>
    <ClInclude Include="Mnu.h">
      <Filter>Resource Files</Filter>
    </ClInclude>
    <ClInclude Include="EditBasic.h">
      <Filter>Header Files</Filter>
    </ClInclude>
    <ClInclude Include="EEdit.h">
      <Filter>Header Files</Filter>
    </ClInclude>
    <ClInclude Include="Undo.h">
      <Filter>Source Files</Filter>
    </ClInclude>
    <ClInclude Include="SymTable.h">
      <Filter>Header Files</Filter>
    </ClInclude>
    <ClInclude Include="GLOBAL_VARS.h">
      <Filter>Header Files</Filter>
    </ClInclude>
  </ItemGroup>
  <ItemGroup>
    <Midl Include="M3da.idl">
      <Filter>Source Files</Filter>
    </Midl>
  </ItemGroup>
  <ItemGroup>
    <Image Include="res\bmp00001.bmp">
      <Filter>Resource Files</Filter>
    </Image>
    <Image Include="res\bmp00002.bmp">
      <Filter>Resource Files</Filter>
    </Image>
    <Image Include="res\bmp00003.bmp">
      <Filter>Resource Files</Filter>
    </Image>
    <Image Include="res\bmp00004.bmp">
      <Filter>Resource Files</Filter>
    </Image>
    <Image Include="res\bmp00005.bmp">
      <Filter>Resource Files</Filter>
    </Image>
    <Image Include="res\bmp00006.bmp">
      <Filter>Resource Files</Filter>
    </Image>
    <Image Include="res\bmp00007.bmp">
      <Filter>Resource Files</Filter>
    </Image>
    <Image Include="res\bmp00008.bmp">
      <Filter>Resource Files</Filter>
    </Image>
    <Image Include="res\icon1.ico">
      <Filter>Resource Files</Filter>
    </Image>
    <Image Include="res\M3da.ico">
      <Filter>Resource Files</Filter>
    </Image>
    <Image Include="res\M3daDoc.ico">
      <Filter>Resource Files</Filter>
    </Image>
    <Image Include="res\Toolbar.bmp">
      <Filter>Resource Files</Filter>
    </Image>
    <Image Include="res\toolbar1.bmp">
      <Filter>Resource Files</Filter>
    </Image>
    <Image Include="res\Toolbar256.bmp">
      <Filter>Resource Files</Filter>
    </Image>
    <Image Include="UserImages.bmp">
      <Filter>Resource Files</Filter>
    </Image>
    <Image Include="res\bmp00009.bmp">
      <Filter>Resource Files</Filter>
    </Image>
    <Image Include="res\bmp00010.bmp">
      <Filter>Resource Files</Filter>
    </Image>
    <Image Include="res\bmp00011.bmp">
      <Filter>Resource Files</Filter>
    </Image>
  </ItemGroup>
  <ItemGroup>
    <ResourceCompile Include="M3da.rc">
      <Filter>Resource Files</Filter>
    </ResourceCompile>
  </ItemGroup>
  <ItemGroup>
    <None Include="res\M3da.rc2">
      <Filter>Resource Files</Filter>
    </None>
    <None Include="ClassDiagram1.cd" />
    <None Include="ClassDiagram2.cd" />
    <None Include="M3da.reg" />
  </ItemGroup>
  <ItemGroup>
    <Text Include="ReadMe.txt" />
  </ItemGroup>
</Project>